// !$*UTF8*$!
{
	archiveVersion = 1;
	classes = {
	};
	objectVersion = 46;
	objects = {

/* Begin PBXBuildFile section */
		8E021A0515B1056A00FBB153 /* JoeyTrackerTable.m in Sources */ = {isa = PBXBuildFile; fileRef = 8E021A0415B1056A00FBB153 /* JoeyTrackerTable.m */; };
		8E021A0615B1057600FBB153 /* JoeyTrackerTable.m in Sources */ = {isa = PBXBuildFile; fileRef = 8E021A0415B1056A00FBB153 /* JoeyTrackerTable.m */; };
		8E021A0D15B1081000FBB153 /* NewsViewController.m in Sources */ = {isa = PBXBuildFile; fileRef = 8E021A0C15B1081000FBB153 /* NewsViewController.m */; };
		8E021A0E15B1086100FBB153 /* NewsViewController.m in Sources */ = {isa = PBXBuildFile; fileRef = 8E021A0C15B1081000FBB153 /* NewsViewController.m */; };
		8E021A1115B131C300FBB153 /* NewsCell.m in Sources */ = {isa = PBXBuildFile; fileRef = 8E021A1015B131C300FBB153 /* NewsCell.m */; };
		8E0C42B015B7BB8D009165E0 /* LowerNavBar.png in Resources */ = {isa = PBXBuildFile; fileRef = 8E0C42AF15B7BB8D009165E0 /* LowerNavBar.png */; };
		8E0C42B215B7BB96009165E0 /* NavBar.png in Resources */ = {isa = PBXBuildFile; fileRef = 8E0C42B115B7BB96009165E0 /* NavBar.png */; };
		8E18AC4D15CB57040054284B /* Bus.png in Resources */ = {isa = PBXBuildFile; fileRef = 8E18AC3F15CB57040054284B /* Bus.png */; };
		8E18AC4E15CB57040054284B /* Bus@2x.png in Resources */ = {isa = PBXBuildFile; fileRef = 8E18AC4015CB57040054284B /* Bus@2x.png */; };
		8E18AC4F15CB57040054284B /* event.png in Resources */ = {isa = PBXBuildFile; fileRef = 8E18AC4115CB57040054284B /* event.png */; };
		8E18AC5015CB57040054284B /* event@2x.png in Resources */ = {isa = PBXBuildFile; fileRef = 8E18AC4215CB57040054284B /* event@2x.png */; };
		8E18AC5515CB57040054284B /* news.png in Resources */ = {isa = PBXBuildFile; fileRef = 8E18AC4715CB57040054284B /* news.png */; };
		8E18AC5615CB57040054284B /* news@2x.png in Resources */ = {isa = PBXBuildFile; fileRef = 8E18AC4815CB57040054284B /* news@2x.png */; };
		8E18AC5915CB57040054284B /* Webpage.png in Resources */ = {isa = PBXBuildFile; fileRef = 8E18AC4B15CB57040054284B /* Webpage.png */; };
		8E18AC5A15CB57040054284B /* Webpage@2x.png in Resources */ = {isa = PBXBuildFile; fileRef = 8E18AC4C15CB57040054284B /* Webpage@2x.png */; };
		8E18AC6815CB8AD20054284B /* InfoViewController.m in Sources */ = {isa = PBXBuildFile; fileRef = 8E18AC6715CB8AD20054284B /* InfoViewController.m */; };
		8E1E7A0E153C835800B126B8 /* UIKit.framework in Frameworks */ = {isa = PBXBuildFile; fileRef = 8E1E7A0D153C835800B126B8 /* UIKit.framework */; };
		8E1E7A10153C835800B126B8 /* Foundation.framework in Frameworks */ = {isa = PBXBuildFile; fileRef = 8E1E7A0F153C835800B126B8 /* Foundation.framework */; };
		8E1E7A12153C835800B126B8 /* CoreGraphics.framework in Frameworks */ = {isa = PBXBuildFile; fileRef = 8E1E7A11153C835800B126B8 /* CoreGraphics.framework */; };
		8E1E7A18153C835800B126B8 /* InfoPlist.strings in Resources */ = {isa = PBXBuildFile; fileRef = 8E1E7A16153C835800B126B8 /* InfoPlist.strings */; };
		8E1E7A1A153C835800B126B8 /* main.m in Sources */ = {isa = PBXBuildFile; fileRef = 8E1E7A19153C835800B126B8 /* main.m */; };
		8E1E7A1E153C835800B126B8 /* AppDelegate.m in Sources */ = {isa = PBXBuildFile; fileRef = 8E1E7A1D153C835800B126B8 /* AppDelegate.m */; };
		8E1E7A21153C835800B126B8 /* MainStoryboard1.storyboard in Resources */ = {isa = PBXBuildFile; fileRef = 8E1E7A1F153C835800B126B8 /* MainStoryboard1.storyboard */; };
		8E1E7A24153C835800B126B8 /* ViewController.m in Sources */ = {isa = PBXBuildFile; fileRef = 8E1E7A23153C835800B126B8 /* ViewController.m */; };
		8E1E7A2C153C835800B126B8 /* SenTestingKit.framework in Frameworks */ = {isa = PBXBuildFile; fileRef = 8E1E7A2B153C835800B126B8 /* SenTestingKit.framework */; };
		8E1E7A2D153C835800B126B8 /* UIKit.framework in Frameworks */ = {isa = PBXBuildFile; fileRef = 8E1E7A0D153C835800B126B8 /* UIKit.framework */; };
		8E1E7A2E153C835800B126B8 /* Foundation.framework in Frameworks */ = {isa = PBXBuildFile; fileRef = 8E1E7A0F153C835800B126B8 /* Foundation.framework */; };
		8E1E7A36153C835800B126B8 /* InfoPlist.strings in Resources */ = {isa = PBXBuildFile; fileRef = 8E1E7A34153C835800B126B8 /* InfoPlist.strings */; };
		8E1E7A39153C835800B126B8 /* TuftsTests.m in Sources */ = {isa = PBXBuildFile; fileRef = 8E1E7A38153C835800B126B8 /* TuftsTests.m */; };
		8E26B69A153E734800994136 /* MenuTableViewController.m in Sources */ = {isa = PBXBuildFile; fileRef = 8E26B699153E734800994136 /* MenuTableViewController.m */; };
		8E2E899B15EB2AD9002D4DA1 /* buildings.json in Resources */ = {isa = PBXBuildFile; fileRef = 8E2E899A15EB2AD9002D4DA1 /* buildings.json */; };
		8E300643156ABCA9000438A2 /* FoodViewController.m in Sources */ = {isa = PBXBuildFile; fileRef = 8E300642156ABCA9000438A2 /* FoodViewController.m */; };
		8E36432415CD1294008C4A0E /* libTestFlight.a in Frameworks */ = {isa = PBXBuildFile; fileRef = 8E36432015CD1294008C4A0E /* libTestFlight.a */; };
		8E36432515CD1294008C4A0E /* README.txt in Resources */ = {isa = PBXBuildFile; fileRef = 8E36432115CD1294008C4A0E /* README.txt */; };
		8E36432615CD1294008C4A0E /* release_notes.txt in Resources */ = {isa = PBXBuildFile; fileRef = 8E36432215CD1294008C4A0E /* release_notes.txt */; };
		8E3F13D715D09B5E00A558AB /* SourcesViewController.m in Sources */ = {isa = PBXBuildFile; fileRef = 8E3F13D615D09B5E00A558AB /* SourcesViewController.m */; };
		8E3F13DD15D0B55400A558AB /* iconElephant.png in Resources */ = {isa = PBXBuildFile; fileRef = 8E3F13DC15D0B55400A558AB /* iconElephant.png */; };
		8E3F13DF15D0B55800A558AB /* iconElephant@2x.png in Resources */ = {isa = PBXBuildFile; fileRef = 8E3F13DE15D0B55800A558AB /* iconElephant@2x.png */; };
		8E3FA8E315CC1CA80031F87D /* MessageUI.framework in Frameworks */ = {isa = PBXBuildFile; fileRef = 8E3FA8E215CC1CA80031F87D /* MessageUI.framework */; };
		8E3FA8E615CC556F0031F87D /* FeedbackViewController.m in Sources */ = {isa = PBXBuildFile; fileRef = 8E3FA8E515CC556F0031F87D /* FeedbackViewController.m */; };
		8E3FA91F15CCB53B0031F87D /* AboutTuftsViewController.m in Sources */ = {isa = PBXBuildFile; fileRef = 8E3FA91E15CCB53B0031F87D /* AboutTuftsViewController.m */; };
		8E3FA94215CD05850031F87D /* burger.png in Resources */ = {isa = PBXBuildFile; fileRef = 8E3FA94015CD05840031F87D /* burger.png */; };
		8E3FA94315CD05850031F87D /* burger@2x.png in Resources */ = {isa = PBXBuildFile; fileRef = 8E3FA94115CD05840031F87D /* burger@2x.png */; };
		8E3FCD211597B1FE00A9EE0F /* NSDictionary+Contains_Key.m in Sources */ = {isa = PBXBuildFile; fileRef = 8E3FCD201597B1FE00A9EE0F /* NSDictionary+Contains_Key.m */; };
		8E5320CE1561B18F0006C6CA /* MapKit.framework in Frameworks */ = {isa = PBXBuildFile; fileRef = 8E5320CD1561B18F0006C6CA /* MapKit.framework */; };
		8E5320D21561B2FB0006C6CA /* MapViewController.m in Sources */ = {isa = PBXBuildFile; fileRef = 8E5320D11561B2FB0006C6CA /* MapViewController.m */; };
		8EAC190A1561DAF90078F5CD /* BuildingAnnotation.m in Sources */ = {isa = PBXBuildFile; fileRef = 8EAC19091561DAF90078F5CD /* BuildingAnnotation.m */; };
		8EB3489A15CDF8D600BC885F /* map.png in Resources */ = {isa = PBXBuildFile; fileRef = 8EB3489815CDF8D600BC885F /* map.png */; };
		8EB3489B15CDF8D600BC885F /* map@2x.png in Resources */ = {isa = PBXBuildFile; fileRef = 8EB3489915CDF8D600BC885F /* map@2x.png */; };
		8EB7894B15ED9F1A000CFEBD /* eventDescription@2x.png in Resources */ = {isa = PBXBuildFile; fileRef = 8EB7894915ED9F1A000CFEBD /* eventDescription@2x.png */; };
		8EB7894C15ED9F1A000CFEBD /* eventDescription.png in Resources */ = {isa = PBXBuildFile; fileRef = 8EB7894A15ED9F1A000CFEBD /* eventDescription.png */; };
		8EB7895C15EDD457000CFEBD /* darkPaper.png in Resources */ = {isa = PBXBuildFile; fileRef = 8EB7895A15EDD457000CFEBD /* darkPaper.png */; };
		8EB7895D15EDD457000CFEBD /* darkPaper@2x.png in Resources */ = {isa = PBXBuildFile; fileRef = 8EB7895B15EDD457000CFEBD /* darkPaper@2x.png */; };
		8EB7896015EDD4E7000CFEBD /* darkBus.png in Resources */ = {isa = PBXBuildFile; fileRef = 8EB7895E15EDD4E7000CFEBD /* darkBus.png */; };
		8EB7896115EDD4E7000CFEBD /* darkBus@2x.png in Resources */ = {isa = PBXBuildFile; fileRef = 8EB7895F15EDD4E7000CFEBD /* darkBus@2x.png */; };
		8EB7896415EDD5D3000CFEBD /* darkWebpage@2x.png in Resources */ = {isa = PBXBuildFile; fileRef = 8EB7896215EDD5D3000CFEBD /* darkWebpage@2x.png */; };
		8EB7896515EDD5D3000CFEBD /* darkWebpage.png in Resources */ = {isa = PBXBuildFile; fileRef = 8EB7896315EDD5D3000CFEBD /* darkWebpage.png */; };
		8EB7896815EDD667000CFEBD /* darkBurger@2x.png in Resources */ = {isa = PBXBuildFile; fileRef = 8EB7896615EDD667000CFEBD /* darkBurger@2x.png */; };
		8EB7896915EDD667000CFEBD /* darkBurger.png in Resources */ = {isa = PBXBuildFile; fileRef = 8EB7896715EDD667000CFEBD /* darkBurger.png */; };
		8EB7896C15EDD707000CFEBD /* darkCalendar@2x.png in Resources */ = {isa = PBXBuildFile; fileRef = 8EB7896A15EDD707000CFEBD /* darkCalendar@2x.png */; };
		8EB7896D15EDD707000CFEBD /* darkCalendar.png in Resources */ = {isa = PBXBuildFile; fileRef = 8EB7896B15EDD707000CFEBD /* darkCalendar.png */; };
		8EB7897015EDD7F9000CFEBD /* dark map@2x.png in Resources */ = {isa = PBXBuildFile; fileRef = 8EB7896E15EDD7F9000CFEBD /* dark map@2x.png */; };
		8EB7897115EDD7F9000CFEBD /* dark map.png in Resources */ = {isa = PBXBuildFile; fileRef = 8EB7896F15EDD7F9000CFEBD /* dark map.png */; };
		8EB8632C155B70EF00A88B14 /* BuildingTableViewController.m in Sources */ = {isa = PBXBuildFile; fileRef = 8EB8632B155B70EF00A88B14 /* BuildingTableViewController.m */; };
		8EB8B125153C8CEA00AB4456 /* EventTableViewController.m in Sources */ = {isa = PBXBuildFile; fileRef = 8EB8B124153C8CEA00AB4456 /* EventTableViewController.m */; };
		8ED19BB115CF3C2D009E3C99 /* feedback view@2x.png in Resources */ = {isa = PBXBuildFile; fileRef = 8ED19BAF15CF3C2D009E3C99 /* feedback view@2x.png */; };
		8ED19BB215CF3C2D009E3C99 /* feedback view.png in Resources */ = {isa = PBXBuildFile; fileRef = 8ED19BB015CF3C2D009E3C99 /* feedback view.png */; };
		8ED19BB515CF3C40009E3C99 /* roundedTextView.png in Resources */ = {isa = PBXBuildFile; fileRef = 8ED19BB315CF3C40009E3C99 /* roundedTextView.png */; };
		8ED19BB615CF3C40009E3C99 /* roundedTextView@2x.png in Resources */ = {isa = PBXBuildFile; fileRef = 8ED19BB415CF3C40009E3C99 /* roundedTextView@2x.png */; };
		8ED4A65315BE529600B7193A /* forward arrow.png in Resources */ = {isa = PBXBuildFile; fileRef = 8ED4A65215BE529600B7193A /* forward arrow.png */; };
		8ED4A65515BE529C00B7193A /* back arrow.png in Resources */ = {isa = PBXBuildFile; fileRef = 8ED4A65415BE529C00B7193A /* back arrow.png */; };
		8ED679C315C77C84008C82B4 /* back arrow@2x.png in Resources */ = {isa = PBXBuildFile; fileRef = 8ED679C215C77C84008C82B4 /* back arrow@2x.png */; };
		8ED679C715C77D25008C82B4 /* forward arrow@2x.png in Resources */ = {isa = PBXBuildFile; fileRef = 8ED679C615C77D25008C82B4 /* forward arrow@2x.png */; };
		8ED860A215BF6C1600DBC45A /* NewsStoryViewController.m in Sources */ = {isa = PBXBuildFile; fileRef = 8ED860A115BF6C1600DBC45A /* NewsStoryViewController.m */; };
		8ED860A715BF83A400DBC45A /* SystemConfiguration.framework in Frameworks */ = {isa = PBXBuildFile; fileRef = 8ED860A615BF83A400DBC45A /* SystemConfiguration.framework */; };
		8ED860C215BFA77C00DBC45A /* libz.dylib in Frameworks */ = {isa = PBXBuildFile; fileRef = 8ED860C115BFA77C00DBC45A /* libz.dylib */; };
		8EE401A415D1D5CB004AD1F7 /* newsDefault.png in Resources */ = {isa = PBXBuildFile; fileRef = 8EE401A215D1D5CB004AD1F7 /* newsDefault.png */; };
		8EE401A515D1D5CB004AD1F7 /* newsDefault@2x.png in Resources */ = {isa = PBXBuildFile; fileRef = 8EE401A315D1D5CB004AD1F7 /* newsDefault@2x.png */; };
		8EE401B615D1EBAE004AD1F7 /* background@2x.png in Resources */ = {isa = PBXBuildFile; fileRef = 8EE401B415D1EBAE004AD1F7 /* background@2x.png */; };
		8EE401B715D1EBAE004AD1F7 /* background.png in Resources */ = {isa = PBXBuildFile; fileRef = 8EE401B515D1EBAE004AD1F7 /* background.png */; };
		8EE401BA15D1EBF3004AD1F7 /* whiteBackground@2x.png in Resources */ = {isa = PBXBuildFile; fileRef = 8EE401B815D1EBF3004AD1F7 /* whiteBackground@2x.png */; };
		8EE401BB15D1EBF3004AD1F7 /* whiteBackground.png in Resources */ = {isa = PBXBuildFile; fileRef = 8EE401B915D1EBF3004AD1F7 /* whiteBackground.png */; };
		8EE401BD15D1EC5E004AD1F7 /* Default@2x.png in Resources */ = {isa = PBXBuildFile; fileRef = 8EE401BC15D1EC5E004AD1F7 /* Default@2x.png */; };
		8EE401BF15D1EC62004AD1F7 /* Default.png in Resources */ = {isa = PBXBuildFile; fileRef = 8EE401BE15D1EC62004AD1F7 /* Default.png */; };
		8EECBEC4153D2DB20087B139 /* EventViewController.m in Sources */ = {isa = PBXBuildFile; fileRef = 8EECBEC3153D2DB20087B139 /* EventViewController.m */; };
		8EFF6CCC155C17A400C81B8E /* BuildingViewController.m in Sources */ = {isa = PBXBuildFile; fileRef = 8EFF6CCB155C17A400C81B8E /* BuildingViewController.m */; };
/* End PBXBuildFile section */

/* Begin PBXContainerItemProxy section */
		8E1E7A2F153C835800B126B8 /* PBXContainerItemProxy */ = {
			isa = PBXContainerItemProxy;
			containerPortal = 8E1E7A00153C835800B126B8 /* Project object */;
			proxyType = 1;
			remoteGlobalIDString = 8E1E7A08153C835800B126B8;
			remoteInfo = Tufts;
		};
/* End PBXContainerItemProxy section */

/* Begin PBXFileReference section */
		8E021A0315B1056A00FBB153 /* JoeyTrackerTable.h */ = {isa = PBXFileReference; fileEncoding = 4; lastKnownFileType = sourcecode.c.h; path = JoeyTrackerTable.h; sourceTree = "<group>"; };
		8E021A0415B1056A00FBB153 /* JoeyTrackerTable.m */ = {isa = PBXFileReference; fileEncoding = 4; lastKnownFileType = sourcecode.c.objc; path = JoeyTrackerTable.m; sourceTree = "<group>"; };
		8E021A0B15B1081000FBB153 /* NewsViewController.h */ = {isa = PBXFileReference; fileEncoding = 4; lastKnownFileType = sourcecode.c.h; path = NewsViewController.h; sourceTree = "<group>"; };
		8E021A0C15B1081000FBB153 /* NewsViewController.m */ = {isa = PBXFileReference; fileEncoding = 4; lastKnownFileType = sourcecode.c.objc; path = NewsViewController.m; sourceTree = "<group>"; };
		8E021A0F15B131C300FBB153 /* NewsCell.h */ = {isa = PBXFileReference; fileEncoding = 4; lastKnownFileType = sourcecode.c.h; path = NewsCell.h; sourceTree = "<group>"; };
		8E021A1015B131C300FBB153 /* NewsCell.m */ = {isa = PBXFileReference; fileEncoding = 4; lastKnownFileType = sourcecode.c.objc; path = NewsCell.m; sourceTree = "<group>"; };
		8E0C42AF15B7BB8D009165E0 /* LowerNavBar.png */ = {isa = PBXFileReference; lastKnownFileType = image.png; path = LowerNavBar.png; sourceTree = "<group>"; };
		8E0C42B115B7BB96009165E0 /* NavBar.png */ = {isa = PBXFileReference; lastKnownFileType = image.png; path = NavBar.png; sourceTree = "<group>"; };
		8E18AC3F15CB57040054284B /* Bus.png */ = {isa = PBXFileReference; lastKnownFileType = image.png; path = Bus.png; sourceTree = "<group>"; };
		8E18AC4015CB57040054284B /* Bus@2x.png */ = {isa = PBXFileReference; lastKnownFileType = image.png; path = "Bus@2x.png"; sourceTree = "<group>"; };
		8E18AC4115CB57040054284B /* event.png */ = {isa = PBXFileReference; lastKnownFileType = image.png; path = event.png; sourceTree = "<group>"; };
		8E18AC4215CB57040054284B /* event@2x.png */ = {isa = PBXFileReference; lastKnownFileType = image.png; path = "event@2x.png"; sourceTree = "<group>"; };
		8E18AC4715CB57040054284B /* news.png */ = {isa = PBXFileReference; lastKnownFileType = image.png; path = news.png; sourceTree = "<group>"; };
		8E18AC4815CB57040054284B /* news@2x.png */ = {isa = PBXFileReference; lastKnownFileType = image.png; path = "news@2x.png"; sourceTree = "<group>"; };
		8E18AC4B15CB57040054284B /* Webpage.png */ = {isa = PBXFileReference; lastKnownFileType = image.png; path = Webpage.png; sourceTree = "<group>"; };
		8E18AC4C15CB57040054284B /* Webpage@2x.png */ = {isa = PBXFileReference; lastKnownFileType = image.png; path = "Webpage@2x.png"; sourceTree = "<group>"; };
		8E18AC6615CB8AD20054284B /* InfoViewController.h */ = {isa = PBXFileReference; fileEncoding = 4; lastKnownFileType = sourcecode.c.h; path = InfoViewController.h; sourceTree = "<group>"; };
		8E18AC6715CB8AD20054284B /* InfoViewController.m */ = {isa = PBXFileReference; fileEncoding = 4; lastKnownFileType = sourcecode.c.objc; path = InfoViewController.m; sourceTree = "<group>"; };
		8E1E7A09153C835800B126B8 /* iJumbo.app */ = {isa = PBXFileReference; explicitFileType = wrapper.application; includeInIndex = 0; path = iJumbo.app; sourceTree = BUILT_PRODUCTS_DIR; };
		8E1E7A0D153C835800B126B8 /* UIKit.framework */ = {isa = PBXFileReference; lastKnownFileType = wrapper.framework; name = UIKit.framework; path = System/Library/Frameworks/UIKit.framework; sourceTree = SDKROOT; };
		8E1E7A0F153C835800B126B8 /* Foundation.framework */ = {isa = PBXFileReference; lastKnownFileType = wrapper.framework; name = Foundation.framework; path = System/Library/Frameworks/Foundation.framework; sourceTree = SDKROOT; };
		8E1E7A11153C835800B126B8 /* CoreGraphics.framework */ = {isa = PBXFileReference; lastKnownFileType = wrapper.framework; name = CoreGraphics.framework; path = System/Library/Frameworks/CoreGraphics.framework; sourceTree = SDKROOT; };
		8E1E7A15153C835800B126B8 /* Tufts-Info.plist */ = {isa = PBXFileReference; lastKnownFileType = text.plist.xml; path = "Tufts-Info.plist"; sourceTree = "<group>"; };
		8E1E7A17153C835800B126B8 /* en */ = {isa = PBXFileReference; lastKnownFileType = text.plist.strings; name = en; path = en.lproj/InfoPlist.strings; sourceTree = "<group>"; };
		8E1E7A19153C835800B126B8 /* main.m */ = {isa = PBXFileReference; lastKnownFileType = sourcecode.c.objc; path = main.m; sourceTree = "<group>"; };
		8E1E7A1B153C835800B126B8 /* Tufts-Prefix.pch */ = {isa = PBXFileReference; lastKnownFileType = sourcecode.c.h; path = "Tufts-Prefix.pch"; sourceTree = "<group>"; };
		8E1E7A1C153C835800B126B8 /* AppDelegate.h */ = {isa = PBXFileReference; lastKnownFileType = sourcecode.c.h; path = AppDelegate.h; sourceTree = "<group>"; };
		8E1E7A1D153C835800B126B8 /* AppDelegate.m */ = {isa = PBXFileReference; lastKnownFileType = sourcecode.c.objc; path = AppDelegate.m; sourceTree = "<group>"; };
		8E1E7A20153C835800B126B8 /* en */ = {isa = PBXFileReference; lastKnownFileType = file.storyboard; name = en; path = en.lproj/MainStoryboard1.storyboard; sourceTree = "<group>"; };
		8E1E7A22153C835800B126B8 /* ViewController.h */ = {isa = PBXFileReference; lastKnownFileType = sourcecode.c.h; path = ViewController.h; sourceTree = "<group>"; };
		8E1E7A23153C835800B126B8 /* ViewController.m */ = {isa = PBXFileReference; lastKnownFileType = sourcecode.c.objc; path = ViewController.m; sourceTree = "<group>"; };
		8E1E7A2A153C835800B126B8 /* TuftsTests.octest */ = {isa = PBXFileReference; explicitFileType = wrapper.cfbundle; includeInIndex = 0; path = TuftsTests.octest; sourceTree = BUILT_PRODUCTS_DIR; };
		8E1E7A2B153C835800B126B8 /* SenTestingKit.framework */ = {isa = PBXFileReference; lastKnownFileType = wrapper.framework; name = SenTestingKit.framework; path = Library/Frameworks/SenTestingKit.framework; sourceTree = DEVELOPER_DIR; };
		8E1E7A33153C835800B126B8 /* TuftsTests-Info.plist */ = {isa = PBXFileReference; lastKnownFileType = text.plist.xml; path = "TuftsTests-Info.plist"; sourceTree = "<group>"; };
		8E1E7A35153C835800B126B8 /* en */ = {isa = PBXFileReference; lastKnownFileType = text.plist.strings; name = en; path = en.lproj/InfoPlist.strings; sourceTree = "<group>"; };
		8E1E7A37153C835800B126B8 /* TuftsTests.h */ = {isa = PBXFileReference; lastKnownFileType = sourcecode.c.h; path = TuftsTests.h; sourceTree = "<group>"; };
		8E1E7A38153C835800B126B8 /* TuftsTests.m */ = {isa = PBXFileReference; lastKnownFileType = sourcecode.c.objc; path = TuftsTests.m; sourceTree = "<group>"; };
		8E26B698153E734800994136 /* MenuTableViewController.h */ = {isa = PBXFileReference; fileEncoding = 4; lastKnownFileType = sourcecode.c.h; path = MenuTableViewController.h; sourceTree = "<group>"; };
		8E26B699153E734800994136 /* MenuTableViewController.m */ = {isa = PBXFileReference; fileEncoding = 4; lastKnownFileType = sourcecode.c.objc; path = MenuTableViewController.m; sourceTree = "<group>"; };
		8E2E899A15EB2AD9002D4DA1 /* buildings.json */ = {isa = PBXFileReference; fileEncoding = 4; lastKnownFileType = text.json; path = buildings.json; sourceTree = "<group>"; };
		8E300641156ABCA9000438A2 /* FoodViewController.h */ = {isa = PBXFileReference; fileEncoding = 4; lastKnownFileType = sourcecode.c.h; path = FoodViewController.h; sourceTree = "<group>"; };
		8E300642156ABCA9000438A2 /* FoodViewController.m */ = {isa = PBXFileReference; fileEncoding = 4; lastKnownFileType = sourcecode.c.objc; path = FoodViewController.m; sourceTree = "<group>"; };
		8E36432015CD1294008C4A0E /* libTestFlight.a */ = {isa = PBXFileReference; lastKnownFileType = archive.ar; path = libTestFlight.a; sourceTree = "<group>"; };
		8E36432115CD1294008C4A0E /* README.txt */ = {isa = PBXFileReference; fileEncoding = 4; lastKnownFileType = text; path = README.txt; sourceTree = "<group>"; };
		8E36432215CD1294008C4A0E /* release_notes.txt */ = {isa = PBXFileReference; fileEncoding = 4; lastKnownFileType = text; path = release_notes.txt; sourceTree = "<group>"; };
		8E36432315CD1294008C4A0E /* TestFlight.h */ = {isa = PBXFileReference; fileEncoding = 4; lastKnownFileType = sourcecode.c.h; path = TestFlight.h; sourceTree = "<group>"; };
		8E3F13D515D09B5E00A558AB /* SourcesViewController.h */ = {isa = PBXFileReference; fileEncoding = 4; lastKnownFileType = sourcecode.c.h; path = SourcesViewController.h; sourceTree = "<group>"; };
		8E3F13D615D09B5E00A558AB /* SourcesViewController.m */ = {isa = PBXFileReference; fileEncoding = 4; lastKnownFileType = sourcecode.c.objc; path = SourcesViewController.m; sourceTree = "<group>"; };
		8E3F13DC15D0B55400A558AB /* iconElephant.png */ = {isa = PBXFileReference; lastKnownFileType = image.png; path = iconElephant.png; sourceTree = "<group>"; };
		8E3F13DE15D0B55800A558AB /* iconElephant@2x.png */ = {isa = PBXFileReference; lastKnownFileType = image.png; path = "iconElephant@2x.png"; sourceTree = "<group>"; };
		8E3FA8E215CC1CA80031F87D /* MessageUI.framework */ = {isa = PBXFileReference; lastKnownFileType = wrapper.framework; name = MessageUI.framework; path = System/Library/Frameworks/MessageUI.framework; sourceTree = SDKROOT; };
		8E3FA8E415CC556F0031F87D /* FeedbackViewController.h */ = {isa = PBXFileReference; fileEncoding = 4; lastKnownFileType = sourcecode.c.h; path = FeedbackViewController.h; sourceTree = "<group>"; };
		8E3FA8E515CC556F0031F87D /* FeedbackViewController.m */ = {isa = PBXFileReference; fileEncoding = 4; lastKnownFileType = sourcecode.c.objc; path = FeedbackViewController.m; sourceTree = "<group>"; };
		8E3FA91D15CCB53B0031F87D /* AboutTuftsViewController.h */ = {isa = PBXFileReference; fileEncoding = 4; lastKnownFileType = sourcecode.c.h; name = AboutTuftsViewController.h; path = ../AboutTuftsViewController.h; sourceTree = "<group>"; };
		8E3FA91E15CCB53B0031F87D /* AboutTuftsViewController.m */ = {isa = PBXFileReference; fileEncoding = 4; lastKnownFileType = sourcecode.c.objc; name = AboutTuftsViewController.m; path = ../AboutTuftsViewController.m; sourceTree = "<group>"; };
		8E3FA94015CD05840031F87D /* burger.png */ = {isa = PBXFileReference; lastKnownFileType = image.png; path = burger.png; sourceTree = "<group>"; };
		8E3FA94115CD05840031F87D /* burger@2x.png */ = {isa = PBXFileReference; lastKnownFileType = image.png; path = "burger@2x.png"; sourceTree = "<group>"; };
		8E3FCD1F1597B1FE00A9EE0F /* NSDictionary+Contains_Key.h */ = {isa = PBXFileReference; fileEncoding = 4; lastKnownFileType = sourcecode.c.h; path = "NSDictionary+Contains_Key.h"; sourceTree = "<group>"; };
		8E3FCD201597B1FE00A9EE0F /* NSDictionary+Contains_Key.m */ = {isa = PBXFileReference; fileEncoding = 4; lastKnownFileType = sourcecode.c.objc; path = "NSDictionary+Contains_Key.m"; sourceTree = "<group>"; };
		8E5320CD1561B18F0006C6CA /* MapKit.framework */ = {isa = PBXFileReference; lastKnownFileType = wrapper.framework; name = MapKit.framework; path = System/Library/Frameworks/MapKit.framework; sourceTree = SDKROOT; };
		8E5320D01561B2FB0006C6CA /* MapViewController.h */ = {isa = PBXFileReference; fileEncoding = 4; lastKnownFileType = sourcecode.c.h; path = MapViewController.h; sourceTree = "<group>"; };
		8E5320D11561B2FB0006C6CA /* MapViewController.m */ = {isa = PBXFileReference; fileEncoding = 4; lastKnownFileType = sourcecode.c.objc; path = MapViewController.m; sourceTree = "<group>"; };
		8EAC19081561DAF90078F5CD /* BuildingAnnotation.h */ = {isa = PBXFileReference; fileEncoding = 4; lastKnownFileType = sourcecode.c.h; path = BuildingAnnotation.h; sourceTree = "<group>"; };
		8EAC19091561DAF90078F5CD /* BuildingAnnotation.m */ = {isa = PBXFileReference; fileEncoding = 4; lastKnownFileType = sourcecode.c.objc; path = BuildingAnnotation.m; sourceTree = "<group>"; };
		8EB3489815CDF8D600BC885F /* map.png */ = {isa = PBXFileReference; lastKnownFileType = image.png; path = map.png; sourceTree = "<group>"; };
		8EB3489915CDF8D600BC885F /* map@2x.png */ = {isa = PBXFileReference; lastKnownFileType = image.png; path = "map@2x.png"; sourceTree = "<group>"; };
		8EB7894915ED9F1A000CFEBD /* eventDescription@2x.png */ = {isa = PBXFileReference; lastKnownFileType = image.png; path = "eventDescription@2x.png"; sourceTree = "<group>"; };
		8EB7894A15ED9F1A000CFEBD /* eventDescription.png */ = {isa = PBXFileReference; lastKnownFileType = image.png; path = eventDescription.png; sourceTree = "<group>"; };
		8EB7895A15EDD457000CFEBD /* darkPaper.png */ = {isa = PBXFileReference; lastKnownFileType = image.png; path = darkPaper.png; sourceTree = "<group>"; };
		8EB7895B15EDD457000CFEBD /* darkPaper@2x.png */ = {isa = PBXFileReference; lastKnownFileType = image.png; path = "darkPaper@2x.png"; sourceTree = "<group>"; };
		8EB7895E15EDD4E7000CFEBD /* darkBus.png */ = {isa = PBXFileReference; lastKnownFileType = image.png; path = darkBus.png; sourceTree = "<group>"; };
		8EB7895F15EDD4E7000CFEBD /* darkBus@2x.png */ = {isa = PBXFileReference; lastKnownFileType = image.png; path = "darkBus@2x.png"; sourceTree = "<group>"; };
		8EB7896215EDD5D3000CFEBD /* darkWebpage@2x.png */ = {isa = PBXFileReference; lastKnownFileType = image.png; path = "darkWebpage@2x.png"; sourceTree = "<group>"; };
		8EB7896315EDD5D3000CFEBD /* darkWebpage.png */ = {isa = PBXFileReference; lastKnownFileType = image.png; path = darkWebpage.png; sourceTree = "<group>"; };
		8EB7896615EDD667000CFEBD /* darkBurger@2x.png */ = {isa = PBXFileReference; lastKnownFileType = image.png; path = "darkBurger@2x.png"; sourceTree = "<group>"; };
		8EB7896715EDD667000CFEBD /* darkBurger.png */ = {isa = PBXFileReference; lastKnownFileType = image.png; path = darkBurger.png; sourceTree = "<group>"; };
		8EB7896A15EDD707000CFEBD /* darkCalendar@2x.png */ = {isa = PBXFileReference; lastKnownFileType = image.png; path = "darkCalendar@2x.png"; sourceTree = "<group>"; };
		8EB7896B15EDD707000CFEBD /* darkCalendar.png */ = {isa = PBXFileReference; lastKnownFileType = image.png; path = darkCalendar.png; sourceTree = "<group>"; };
		8EB7896E15EDD7F9000CFEBD /* dark map@2x.png */ = {isa = PBXFileReference; lastKnownFileType = image.png; path = "dark map@2x.png"; sourceTree = "<group>"; };
		8EB7896F15EDD7F9000CFEBD /* dark map.png */ = {isa = PBXFileReference; lastKnownFileType = image.png; path = "dark map.png"; sourceTree = "<group>"; };
		8EB8632A155B70EF00A88B14 /* BuildingTableViewController.h */ = {isa = PBXFileReference; fileEncoding = 4; lastKnownFileType = sourcecode.c.h; path = BuildingTableViewController.h; sourceTree = "<group>"; };
		8EB8632B155B70EF00A88B14 /* BuildingTableViewController.m */ = {isa = PBXFileReference; fileEncoding = 4; lastKnownFileType = sourcecode.c.objc; path = BuildingTableViewController.m; sourceTree = "<group>"; };
		8EB8B123153C8CEA00AB4456 /* EventTableViewController.h */ = {isa = PBXFileReference; fileEncoding = 4; lastKnownFileType = sourcecode.c.h; path = EventTableViewController.h; sourceTree = "<group>"; };
		8EB8B124153C8CEA00AB4456 /* EventTableViewController.m */ = {isa = PBXFileReference; fileEncoding = 4; lastKnownFileType = sourcecode.c.objc; path = EventTableViewController.m; sourceTree = "<group>"; };
		8ED19BAF15CF3C2D009E3C99 /* feedback view@2x.png */ = {isa = PBXFileReference; lastKnownFileType = image.png; path = "feedback view@2x.png"; sourceTree = "<group>"; };
		8ED19BB015CF3C2D009E3C99 /* feedback view.png */ = {isa = PBXFileReference; lastKnownFileType = image.png; path = "feedback view.png"; sourceTree = "<group>"; };
		8ED19BB315CF3C40009E3C99 /* roundedTextView.png */ = {isa = PBXFileReference; lastKnownFileType = image.png; path = roundedTextView.png; sourceTree = "<group>"; };
		8ED19BB415CF3C40009E3C99 /* roundedTextView@2x.png */ = {isa = PBXFileReference; lastKnownFileType = image.png; path = "roundedTextView@2x.png"; sourceTree = "<group>"; };
		8ED4A65215BE529600B7193A /* forward arrow.png */ = {isa = PBXFileReference; lastKnownFileType = image.png; path = "forward arrow.png"; sourceTree = "<group>"; };
		8ED4A65415BE529C00B7193A /* back arrow.png */ = {isa = PBXFileReference; lastKnownFileType = image.png; path = "back arrow.png"; sourceTree = "<group>"; };
		8ED679C215C77C84008C82B4 /* back arrow@2x.png */ = {isa = PBXFileReference; lastKnownFileType = image.png; path = "back arrow@2x.png"; sourceTree = "<group>"; };
		8ED679C615C77D25008C82B4 /* forward arrow@2x.png */ = {isa = PBXFileReference; lastKnownFileType = image.png; path = "forward arrow@2x.png"; sourceTree = "<group>"; };
		8ED860A015BF6C1600DBC45A /* NewsStoryViewController.h */ = {isa = PBXFileReference; fileEncoding = 4; lastKnownFileType = sourcecode.c.h; path = NewsStoryViewController.h; sourceTree = "<group>"; };
		8ED860A115BF6C1600DBC45A /* NewsStoryViewController.m */ = {isa = PBXFileReference; fileEncoding = 4; lastKnownFileType = sourcecode.c.objc; path = NewsStoryViewController.m; sourceTree = "<group>"; };
		8ED860A615BF83A400DBC45A /* SystemConfiguration.framework */ = {isa = PBXFileReference; lastKnownFileType = wrapper.framework; name = SystemConfiguration.framework; path = System/Library/Frameworks/SystemConfiguration.framework; sourceTree = SDKROOT; };
		8ED860C115BFA77C00DBC45A /* libz.dylib */ = {isa = PBXFileReference; lastKnownFileType = "compiled.mach-o.dylib"; name = libz.dylib; path = usr/lib/libz.dylib; sourceTree = SDKROOT; };
		8EE401A215D1D5CB004AD1F7 /* newsDefault.png */ = {isa = PBXFileReference; lastKnownFileType = image.png; path = newsDefault.png; sourceTree = "<group>"; };
		8EE401A315D1D5CB004AD1F7 /* newsDefault@2x.png */ = {isa = PBXFileReference; lastKnownFileType = image.png; path = "newsDefault@2x.png"; sourceTree = "<group>"; };
		8EE401B415D1EBAE004AD1F7 /* background@2x.png */ = {isa = PBXFileReference; lastKnownFileType = image.png; path = "background@2x.png"; sourceTree = "<group>"; };
		8EE401B515D1EBAE004AD1F7 /* background.png */ = {isa = PBXFileReference; lastKnownFileType = image.png; path = background.png; sourceTree = "<group>"; };
		8EE401B815D1EBF3004AD1F7 /* whiteBackground@2x.png */ = {isa = PBXFileReference; lastKnownFileType = image.png; path = "whiteBackground@2x.png"; sourceTree = "<group>"; };
		8EE401B915D1EBF3004AD1F7 /* whiteBackground.png */ = {isa = PBXFileReference; lastKnownFileType = image.png; path = whiteBackground.png; sourceTree = "<group>"; };
		8EE401BC15D1EC5E004AD1F7 /* Default@2x.png */ = {isa = PBXFileReference; lastKnownFileType = image.png; path = "Default@2x.png"; sourceTree = "<group>"; };
		8EE401BE15D1EC62004AD1F7 /* Default.png */ = {isa = PBXFileReference; lastKnownFileType = image.png; path = Default.png; sourceTree = "<group>"; };
		8EECBEC2153D2DB20087B139 /* EventViewController.h */ = {isa = PBXFileReference; fileEncoding = 4; lastKnownFileType = sourcecode.c.h; path = EventViewController.h; sourceTree = "<group>"; };
		8EECBEC3153D2DB20087B139 /* EventViewController.m */ = {isa = PBXFileReference; fileEncoding = 4; lastKnownFileType = sourcecode.c.objc; path = EventViewController.m; sourceTree = "<group>"; };
		8EFF6CCA155C17A400C81B8E /* BuildingViewController.h */ = {isa = PBXFileReference; fileEncoding = 4; lastKnownFileType = sourcecode.c.h; path = BuildingViewController.h; sourceTree = "<group>"; };
		8EFF6CCB155C17A400C81B8E /* BuildingViewController.m */ = {isa = PBXFileReference; fileEncoding = 4; lastKnownFileType = sourcecode.c.objc; path = BuildingViewController.m; sourceTree = "<group>"; };
/* End PBXFileReference section */

/* Begin PBXFrameworksBuildPhase section */
		8E1E7A06153C835800B126B8 /* Frameworks */ = {
			isa = PBXFrameworksBuildPhase;
			buildActionMask = 2147483647;
			files = (
				8E3FA8E315CC1CA80031F87D /* MessageUI.framework in Frameworks */,
				8ED860C215BFA77C00DBC45A /* libz.dylib in Frameworks */,
				8ED860A715BF83A400DBC45A /* SystemConfiguration.framework in Frameworks */,
				8E5320CE1561B18F0006C6CA /* MapKit.framework in Frameworks */,
				8E1E7A0E153C835800B126B8 /* UIKit.framework in Frameworks */,
				8E1E7A10153C835800B126B8 /* Foundation.framework in Frameworks */,
				8E1E7A12153C835800B126B8 /* CoreGraphics.framework in Frameworks */,
				8E36432415CD1294008C4A0E /* libTestFlight.a in Frameworks */,
			);
			runOnlyForDeploymentPostprocessing = 0;
		};
		8E1E7A26153C835800B126B8 /* Frameworks */ = {
			isa = PBXFrameworksBuildPhase;
			buildActionMask = 2147483647;
			files = (
				8E1E7A2C153C835800B126B8 /* SenTestingKit.framework in Frameworks */,
				8E1E7A2D153C835800B126B8 /* UIKit.framework in Frameworks */,
				8E1E7A2E153C835800B126B8 /* Foundation.framework in Frameworks */,
			);
			runOnlyForDeploymentPostprocessing = 0;
		};
/* End PBXFrameworksBuildPhase section */

/* Begin PBXGroup section */
		8E0C429715B79866009165E0 /* UI */ = {
			isa = PBXGroup;
			children = (
				8EB7896E15EDD7F9000CFEBD /* dark map@2x.png */,
				8EB7896F15EDD7F9000CFEBD /* dark map.png */,
				8EB7896A15EDD707000CFEBD /* darkCalendar@2x.png */,
				8EB7896B15EDD707000CFEBD /* darkCalendar.png */,
				8EB7896615EDD667000CFEBD /* darkBurger@2x.png */,
				8EB7896715EDD667000CFEBD /* darkBurger.png */,
				8EB7896215EDD5D3000CFEBD /* darkWebpage@2x.png */,
				8EB7896315EDD5D3000CFEBD /* darkWebpage.png */,
				8EB7895E15EDD4E7000CFEBD /* darkBus.png */,
				8EB7895F15EDD4E7000CFEBD /* darkBus@2x.png */,
				8EB7895A15EDD457000CFEBD /* darkPaper.png */,
				8EB7895B15EDD457000CFEBD /* darkPaper@2x.png */,
				8EE401B415D1EBAE004AD1F7 /* background@2x.png */,
				8EE401B515D1EBAE004AD1F7 /* background.png */,
				8EE401B815D1EBF3004AD1F7 /* whiteBackground@2x.png */,
				8EE401B915D1EBF3004AD1F7 /* whiteBackground.png */,
				8ED19BAF15CF3C2D009E3C99 /* feedback view@2x.png */,
				8ED19BB015CF3C2D009E3C99 /* feedback view.png */,
				8EB7894915ED9F1A000CFEBD /* eventDescription@2x.png */,
				8EB7894A15ED9F1A000CFEBD /* eventDescription.png */,
				8ED19BB315CF3C40009E3C99 /* roundedTextView.png */,
				8ED19BB415CF3C40009E3C99 /* roundedTextView@2x.png */,
				8E3FA94015CD05840031F87D /* burger.png */,
				8E3FA94115CD05840031F87D /* burger@2x.png */,
				8EB3489815CDF8D600BC885F /* map.png */,
				8EB3489915CDF8D600BC885F /* map@2x.png */,
				8ED4A65415BE529C00B7193A /* back arrow.png */,
				8ED679C215C77C84008C82B4 /* back arrow@2x.png */,
				8ED4A65215BE529600B7193A /* forward arrow.png */,
				8ED679C615C77D25008C82B4 /* forward arrow@2x.png */,
				8EE401A215D1D5CB004AD1F7 /* newsDefault.png */,
				8EE401A315D1D5CB004AD1F7 /* newsDefault@2x.png */,
				8E0C42B115B7BB96009165E0 /* NavBar.png */,
				8E0C42AF15B7BB8D009165E0 /* LowerNavBar.png */,
				8E18AC3F15CB57040054284B /* Bus.png */,
				8E18AC4015CB57040054284B /* Bus@2x.png */,
				8E18AC4115CB57040054284B /* event.png */,
				8E18AC4215CB57040054284B /* event@2x.png */,
				8E18AC4715CB57040054284B /* news.png */,
				8E18AC4815CB57040054284B /* news@2x.png */,
				8E18AC4B15CB57040054284B /* Webpage.png */,
				8E18AC4C15CB57040054284B /* Webpage@2x.png */,
			);
			name = UI;
			sourceTree = "<group>";
		};
		8E1E79FE153C835800B126B8 = {
			isa = PBXGroup;
			children = (
				8EE401BE15D1EC62004AD1F7 /* Default.png */,
				8EE401BC15D1EC5E004AD1F7 /* Default@2x.png */,
				8E3F13DE15D0B55800A558AB /* iconElephant@2x.png */,
				8E3F13DC15D0B55400A558AB /* iconElephant.png */,
				8E1E7A13153C835800B126B8 /* Tufts */,
				8E1E7A31153C835800B126B8 /* TuftsTests */,
				8E1E7A0C153C835800B126B8 /* Frameworks */,
				8E1E7A0A153C835800B126B8 /* Products */,
			);
			sourceTree = "<group>";
		};
		8E1E7A0A153C835800B126B8 /* Products */ = {
			isa = PBXGroup;
			children = (
				8E1E7A09153C835800B126B8 /* iJumbo.app */,
				8E1E7A2A153C835800B126B8 /* TuftsTests.octest */,
			);
			name = Products;
			sourceTree = "<group>";
		};
		8E1E7A0C153C835800B126B8 /* Frameworks */ = {
			isa = PBXGroup;
			children = (
				8E36431F15CD1294008C4A0E /* TestFlightSDK1 */,
				8E3FA8E215CC1CA80031F87D /* MessageUI.framework */,
				8ED860C115BFA77C00DBC45A /* libz.dylib */,
				8ED860A615BF83A400DBC45A /* SystemConfiguration.framework */,
				8E5320CD1561B18F0006C6CA /* MapKit.framework */,
				8E1E7A0D153C835800B126B8 /* UIKit.framework */,
				8E1E7A0F153C835800B126B8 /* Foundation.framework */,
				8E1E7A11153C835800B126B8 /* CoreGraphics.framework */,
				8E1E7A2B153C835800B126B8 /* SenTestingKit.framework */,
			);
			name = Frameworks;
			sourceTree = "<group>";
		};
		8E1E7A13153C835800B126B8 /* Tufts */ = {
			isa = PBXGroup;
			children = (
				8E1E7A1C153C835800B126B8 /* AppDelegate.h */,
				8E1E7A1D153C835800B126B8 /* AppDelegate.m */,
				8E1E7A1F153C835800B126B8 /* MainStoryboard1.storyboard */,
				8E5B22DE1593B84500C7C49E /* Home View */,
				8E3FCD1D1597B19F00A9EE0F /* Categories */,
				8E0C429715B79866009165E0 /* UI */,
				8E5B22DD1593B81E00C7C49E /* Specific View */,
				8E5B22DC1593B80600C7C49E /* Main Views */,
				8E5B22E01593B87500C7C49E /* Other */,
				8E1E7A14153C835800B126B8 /* Supporting Files */,
			);
			path = Tufts;
			sourceTree = "<group>";
		};
		8E1E7A14153C835800B126B8 /* Supporting Files */ = {
			isa = PBXGroup;
			children = (
				8E2E899A15EB2AD9002D4DA1 /* buildings.json */,
				8E1E7A15153C835800B126B8 /* Tufts-Info.plist */,
				8E1E7A16153C835800B126B8 /* InfoPlist.strings */,
				8E1E7A19153C835800B126B8 /* main.m */,
				8E1E7A1B153C835800B126B8 /* Tufts-Prefix.pch */,
			);
			name = "Supporting Files";
			sourceTree = "<group>";
		};
		8E1E7A31153C835800B126B8 /* TuftsTests */ = {
			isa = PBXGroup;
			children = (
				8E1E7A37153C835800B126B8 /* TuftsTests.h */,
				8E1E7A38153C835800B126B8 /* TuftsTests.m */,
				8E1E7A32153C835800B126B8 /* Supporting Files */,
			);
			path = TuftsTests;
			sourceTree = "<group>";
		};
		8E1E7A32153C835800B126B8 /* Supporting Files */ = {
			isa = PBXGroup;
			children = (
				8E1E7A33153C835800B126B8 /* TuftsTests-Info.plist */,
				8E1E7A34153C835800B126B8 /* InfoPlist.strings */,
			);
			name = "Supporting Files";
			sourceTree = "<group>";
		};
		8E36431F15CD1294008C4A0E /* TestFlightSDK1 */ = {
			isa = PBXGroup;
			children = (
				8E36432015CD1294008C4A0E /* libTestFlight.a */,
				8E36432115CD1294008C4A0E /* README.txt */,
				8E36432215CD1294008C4A0E /* release_notes.txt */,
				8E36432315CD1294008C4A0E /* TestFlight.h */,
			);
			path = TestFlightSDK1;
			sourceTree = "<group>";
		};
		8E3FCD1D1597B19F00A9EE0F /* Categories */ = {
			isa = PBXGroup;
			children = (
				8E3FCD1F1597B1FE00A9EE0F /* NSDictionary+Contains_Key.h */,
				8E3FCD201597B1FE00A9EE0F /* NSDictionary+Contains_Key.m */,
			);
			name = Categories;
			sourceTree = "<group>";
		};
		8E5B22DC1593B80600C7C49E /* Main Views */ = {
			isa = PBXGroup;
			children = (
				8E021A0315B1056A00FBB153 /* JoeyTrackerTable.h */,
				8E021A0415B1056A00FBB153 /* JoeyTrackerTable.m */,
				8E021A0B15B1081000FBB153 /* NewsViewController.h */,
				8E021A0C15B1081000FBB153 /* NewsViewController.m */,
				8EB8B123153C8CEA00AB4456 /* EventTableViewController.h */,
				8EB8B124153C8CEA00AB4456 /* EventTableViewController.m */,
				8EB8632A155B70EF00A88B14 /* BuildingTableViewController.h */,
				8EB8632B155B70EF00A88B14 /* BuildingTableViewController.m */,
				8E26B698153E734800994136 /* MenuTableViewController.h */,
				8E26B699153E734800994136 /* MenuTableViewController.m */,
				8E18AC6615CB8AD20054284B /* InfoViewController.h */,
				8E18AC6715CB8AD20054284B /* InfoViewController.m */,
				8E5320D01561B2FB0006C6CA /* MapViewController.h */,
				8E5320D11561B2FB0006C6CA /* MapViewController.m */,
			);
			name = "Main Views";
			sourceTree = "<group>";
		};
		8E5B22DD1593B81E00C7C49E /* Specific View */ = {
			isa = PBXGroup;
			children = (
				8E3FA91D15CCB53B0031F87D /* AboutTuftsViewController.h */,
				8E3FA91E15CCB53B0031F87D /* AboutTuftsViewController.m */,
				8E3F13D515D09B5E00A558AB /* SourcesViewController.h */,
				8E3F13D615D09B5E00A558AB /* SourcesViewController.m */,
				8E3FA8E415CC556F0031F87D /* FeedbackViewController.h */,
				8E3FA8E515CC556F0031F87D /* FeedbackViewController.m */,
				8EECBEC2153D2DB20087B139 /* EventViewController.h */,
				8EECBEC3153D2DB20087B139 /* EventViewController.m */,
				8E300641156ABCA9000438A2 /* FoodViewController.h */,
				8E300642156ABCA9000438A2 /* FoodViewController.m */,
				8EFF6CCA155C17A400C81B8E /* BuildingViewController.h */,
				8EFF6CCB155C17A400C81B8E /* BuildingViewController.m */,
				8ED860A015BF6C1600DBC45A /* NewsStoryViewController.h */,
				8ED860A115BF6C1600DBC45A /* NewsStoryViewController.m */,
			);
			name = "Specific View";
			sourceTree = "<group>";
		};
		8E5B22DE1593B84500C7C49E /* Home View */ = {
			isa = PBXGroup;
			children = (
				8E1E7A22153C835800B126B8 /* ViewController.h */,
				8E1E7A23153C835800B126B8 /* ViewController.m */,
			);
			name = "Home View";
			sourceTree = "<group>";
		};
		8E5B22E01593B87500C7C49E /* Other */ = {
			isa = PBXGroup;
			children = (
				8E021A0F15B131C300FBB153 /* NewsCell.h */,
				8E021A1015B131C300FBB153 /* NewsCell.m */,
				8EAC19081561DAF90078F5CD /* BuildingAnnotation.h */,
				8EAC19091561DAF90078F5CD /* BuildingAnnotation.m */,
			);
			name = Other;
			sourceTree = "<group>";
		};
/* End PBXGroup section */

/* Begin PBXNativeTarget section */
		8E1E7A08153C835800B126B8 /* Tufts */ = {
			isa = PBXNativeTarget;
			buildConfigurationList = 8E1E7A3C153C835800B126B8 /* Build configuration list for PBXNativeTarget "Tufts" */;
			buildPhases = (
				8E1E7A05153C835800B126B8 /* Sources */,
				8E1E7A06153C835800B126B8 /* Frameworks */,
				8E1E7A07153C835800B126B8 /* Resources */,
			);
			buildRules = (
			);
			dependencies = (
			);
			name = Tufts;
			productName = Tufts;
			productReference = 8E1E7A09153C835800B126B8 /* iJumbo.app */;
			productType = "com.apple.product-type.application";
		};
		8E1E7A29153C835800B126B8 /* TuftsTests */ = {
			isa = PBXNativeTarget;
			buildConfigurationList = 8E1E7A3F153C835800B126B8 /* Build configuration list for PBXNativeTarget "TuftsTests" */;
			buildPhases = (
				8E1E7A25153C835800B126B8 /* Sources */,
				8E1E7A26153C835800B126B8 /* Frameworks */,
				8E1E7A27153C835800B126B8 /* Resources */,
				8E1E7A28153C835800B126B8 /* ShellScript */,
			);
			buildRules = (
			);
			dependencies = (
				8E1E7A30153C835800B126B8 /* PBXTargetDependency */,
			);
			name = TuftsTests;
			productName = TuftsTests;
			productReference = 8E1E7A2A153C835800B126B8 /* TuftsTests.octest */;
			productType = "com.apple.product-type.bundle";
		};
/* End PBXNativeTarget section */

/* Begin PBXProject section */
		8E1E7A00153C835800B126B8 /* Project object */ = {
			isa = PBXProject;
			attributes = {
				LastUpgradeCheck = 0430;
				ORGANIZATIONNAME = "Amadou Crookes";
			};
			buildConfigurationList = 8E1E7A03153C835800B126B8 /* Build configuration list for PBXProject "Tufts" */;
			compatibilityVersion = "Xcode 3.2";
			developmentRegion = English;
			hasScannedForEncodings = 0;
			knownRegions = (
				en,
			);
			mainGroup = 8E1E79FE153C835800B126B8;
			productRefGroup = 8E1E7A0A153C835800B126B8 /* Products */;
			projectDirPath = "";
			projectRoot = "";
			targets = (
				8E1E7A08153C835800B126B8 /* Tufts */,
				8E1E7A29153C835800B126B8 /* TuftsTests */,
			);
		};
/* End PBXProject section */

/* Begin PBXResourcesBuildPhase section */
		8E1E7A07153C835800B126B8 /* Resources */ = {
			isa = PBXResourcesBuildPhase;
			buildActionMask = 2147483647;
			files = (
				8E1E7A18153C835800B126B8 /* InfoPlist.strings in Resources */,
				8E1E7A21153C835800B126B8 /* MainStoryboard1.storyboard in Resources */,
				8E0C42B015B7BB8D009165E0 /* LowerNavBar.png in Resources */,
				8E0C42B215B7BB96009165E0 /* NavBar.png in Resources */,
				8ED4A65315BE529600B7193A /* forward arrow.png in Resources */,
				8ED4A65515BE529C00B7193A /* back arrow.png in Resources */,
				8ED679C315C77C84008C82B4 /* back arrow@2x.png in Resources */,
				8ED679C715C77D25008C82B4 /* forward arrow@2x.png in Resources */,
				8E18AC4D15CB57040054284B /* Bus.png in Resources */,
				8E18AC4E15CB57040054284B /* Bus@2x.png in Resources */,
				8E18AC4F15CB57040054284B /* event.png in Resources */,
				8E18AC5015CB57040054284B /* event@2x.png in Resources */,
				8E18AC5515CB57040054284B /* news.png in Resources */,
				8E18AC5615CB57040054284B /* news@2x.png in Resources */,
				8E18AC5915CB57040054284B /* Webpage.png in Resources */,
				8E18AC5A15CB57040054284B /* Webpage@2x.png in Resources */,
				8E3FA94215CD05850031F87D /* burger.png in Resources */,
				8E3FA94315CD05850031F87D /* burger@2x.png in Resources */,
				8E36432515CD1294008C4A0E /* README.txt in Resources */,
				8E36432615CD1294008C4A0E /* release_notes.txt in Resources */,
				8EB3489A15CDF8D600BC885F /* map.png in Resources */,
				8EB3489B15CDF8D600BC885F /* map@2x.png in Resources */,
				8ED19BB115CF3C2D009E3C99 /* feedback view@2x.png in Resources */,
				8ED19BB215CF3C2D009E3C99 /* feedback view.png in Resources */,
				8ED19BB515CF3C40009E3C99 /* roundedTextView.png in Resources */,
				8ED19BB615CF3C40009E3C99 /* roundedTextView@2x.png in Resources */,
				8E3F13DD15D0B55400A558AB /* iconElephant.png in Resources */,
				8E3F13DF15D0B55800A558AB /* iconElephant@2x.png in Resources */,
				8EE401A415D1D5CB004AD1F7 /* newsDefault.png in Resources */,
				8EE401A515D1D5CB004AD1F7 /* newsDefault@2x.png in Resources */,
				8EE401B615D1EBAE004AD1F7 /* background@2x.png in Resources */,
				8EE401B715D1EBAE004AD1F7 /* background.png in Resources */,
				8EE401BA15D1EBF3004AD1F7 /* whiteBackground@2x.png in Resources */,
				8EE401BB15D1EBF3004AD1F7 /* whiteBackground.png in Resources */,
				8EE401BD15D1EC5E004AD1F7 /* Default@2x.png in Resources */,
				8EE401BF15D1EC62004AD1F7 /* Default.png in Resources */,
				8E2E899B15EB2AD9002D4DA1 /* buildings.json in Resources */,
				8EB7894B15ED9F1A000CFEBD /* eventDescription@2x.png in Resources */,
				8EB7894C15ED9F1A000CFEBD /* eventDescription.png in Resources */,
				8EB7895C15EDD457000CFEBD /* darkPaper.png in Resources */,
				8EB7895D15EDD457000CFEBD /* darkPaper@2x.png in Resources */,
				8EB7896015EDD4E7000CFEBD /* darkBus.png in Resources */,
				8EB7896115EDD4E7000CFEBD /* darkBus@2x.png in Resources */,
				8EB7896415EDD5D3000CFEBD /* darkWebpage@2x.png in Resources */,
				8EB7896515EDD5D3000CFEBD /* darkWebpage.png in Resources */,
				8EB7896815EDD667000CFEBD /* darkBurger@2x.png in Resources */,
				8EB7896915EDD667000CFEBD /* darkBurger.png in Resources */,
				8EB7896C15EDD707000CFEBD /* darkCalendar@2x.png in Resources */,
				8EB7896D15EDD707000CFEBD /* darkCalendar.png in Resources */,
				8EB7897015EDD7F9000CFEBD /* dark map@2x.png in Resources */,
				8EB7897115EDD7F9000CFEBD /* dark map.png in Resources */,
			);
			runOnlyForDeploymentPostprocessing = 0;
		};
		8E1E7A27153C835800B126B8 /* Resources */ = {
			isa = PBXResourcesBuildPhase;
			buildActionMask = 2147483647;
			files = (
				8E1E7A36153C835800B126B8 /* InfoPlist.strings in Resources */,
			);
			runOnlyForDeploymentPostprocessing = 0;
		};
/* End PBXResourcesBuildPhase section */

/* Begin PBXShellScriptBuildPhase section */
		8E1E7A28153C835800B126B8 /* ShellScript */ = {
			isa = PBXShellScriptBuildPhase;
			buildActionMask = 2147483647;
			files = (
			);
			inputPaths = (
			);
			outputPaths = (
			);
			runOnlyForDeploymentPostprocessing = 0;
			shellPath = /bin/sh;
			shellScript = "# Run the unit tests in this test bundle.\n\"${SYSTEM_DEVELOPER_DIR}/Tools/RunUnitTests\"\n";
		};
/* End PBXShellScriptBuildPhase section */

/* Begin PBXSourcesBuildPhase section */
		8E1E7A05153C835800B126B8 /* Sources */ = {
			isa = PBXSourcesBuildPhase;
			buildActionMask = 2147483647;
			files = (
				8E021A0E15B1086100FBB153 /* NewsViewController.m in Sources */,
				8E021A0615B1057600FBB153 /* JoeyTrackerTable.m in Sources */,
				8E1E7A1A153C835800B126B8 /* main.m in Sources */,
				8E1E7A1E153C835800B126B8 /* AppDelegate.m in Sources */,
				8E1E7A24153C835800B126B8 /* ViewController.m in Sources */,
				8EB8B125153C8CEA00AB4456 /* EventTableViewController.m in Sources */,
				8EECBEC4153D2DB20087B139 /* EventViewController.m in Sources */,
				8E26B69A153E734800994136 /* MenuTableViewController.m in Sources */,
				8EB8632C155B70EF00A88B14 /* BuildingTableViewController.m in Sources */,
				8EFF6CCC155C17A400C81B8E /* BuildingViewController.m in Sources */,
				8E5320D21561B2FB0006C6CA /* MapViewController.m in Sources */,
				8EAC190A1561DAF90078F5CD /* BuildingAnnotation.m in Sources */,
				8E300643156ABCA9000438A2 /* FoodViewController.m in Sources */,
				8E3FCD211597B1FE00A9EE0F /* NSDictionary+Contains_Key.m in Sources */,
				8E021A1115B131C300FBB153 /* NewsCell.m in Sources */,
				8ED860A215BF6C1600DBC45A /* NewsStoryViewController.m in Sources */,
				8E18AC6815CB8AD20054284B /* InfoViewController.m in Sources */,
				8E3FA8E615CC556F0031F87D /* FeedbackViewController.m in Sources */,
				8E3FA91F15CCB53B0031F87D /* AboutTuftsViewController.m in Sources */,
				8E3F13D715D09B5E00A558AB /* SourcesViewController.m in Sources */,
			);
			runOnlyForDeploymentPostprocessing = 0;
		};
		8E1E7A25153C835800B126B8 /* Sources */ = {
			isa = PBXSourcesBuildPhase;
			buildActionMask = 2147483647;
			files = (
				8E1E7A39153C835800B126B8 /* TuftsTests.m in Sources */,
				8E021A0515B1056A00FBB153 /* JoeyTrackerTable.m in Sources */,
				8E021A0D15B1081000FBB153 /* NewsViewController.m in Sources */,
			);
			runOnlyForDeploymentPostprocessing = 0;
		};
/* End PBXSourcesBuildPhase section */

/* Begin PBXTargetDependency section */
		8E1E7A30153C835800B126B8 /* PBXTargetDependency */ = {
			isa = PBXTargetDependency;
			target = 8E1E7A08153C835800B126B8 /* Tufts */;
			targetProxy = 8E1E7A2F153C835800B126B8 /* PBXContainerItemProxy */;
		};
/* End PBXTargetDependency section */

/* Begin PBXVariantGroup section */
		8E1E7A16153C835800B126B8 /* InfoPlist.strings */ = {
			isa = PBXVariantGroup;
			children = (
				8E1E7A17153C835800B126B8 /* en */,
			);
			name = InfoPlist.strings;
			sourceTree = "<group>";
		};
		8E1E7A1F153C835800B126B8 /* MainStoryboard1.storyboard */ = {
			isa = PBXVariantGroup;
			children = (
				8E1E7A20153C835800B126B8 /* en */,
			);
			name = MainStoryboard1.storyboard;
			sourceTree = "<group>";
		};
		8E1E7A34153C835800B126B8 /* InfoPlist.strings */ = {
			isa = PBXVariantGroup;
			children = (
				8E1E7A35153C835800B126B8 /* en */,
			);
			name = InfoPlist.strings;
			sourceTree = "<group>";
		};
/* End PBXVariantGroup section */

/* Begin XCBuildConfiguration section */
		8E1E7A3A153C835800B126B8 /* Debug */ = {
			isa = XCBuildConfiguration;
			buildSettings = {
				ALWAYS_SEARCH_USER_PATHS = NO;
				ARCHS = "$(ARCHS_STANDARD_32_BIT)";
				CLANG_ENABLE_OBJC_ARC = YES;
				"CODE_SIGN_IDENTITY[sdk=iphoneos*]" = "iPhone Developer";
				COPY_PHASE_STRIP = NO;
				GCC_C_LANGUAGE_STANDARD = gnu99;
				GCC_DYNAMIC_NO_PIC = NO;
				GCC_OPTIMIZATION_LEVEL = 0;
				GCC_PREPROCESSOR_DEFINITIONS = (
					"DEBUG=1",
					"$(inherited)",
				);
				GCC_SYMBOLS_PRIVATE_EXTERN = NO;
				GCC_VERSION = com.apple.compilers.llvm.clang.1_0;
				GCC_WARN_ABOUT_RETURN_TYPE = YES;
				GCC_WARN_UNINITIALIZED_AUTOS = YES;
				GCC_WARN_UNUSED_VARIABLE = YES;
				IPHONEOS_DEPLOYMENT_TARGET = 5.0;
				PRODUCT_NAME = iJumbo;
				SDKROOT = iphoneos;
			};
			name = Debug;
		};
		8E1E7A3B153C835800B126B8 /* Release */ = {
			isa = XCBuildConfiguration;
			buildSettings = {
				ALWAYS_SEARCH_USER_PATHS = NO;
				ARCHS = "$(ARCHS_STANDARD_32_BIT)";
				CLANG_ENABLE_OBJC_ARC = YES;
				"CODE_SIGN_IDENTITY[sdk=iphoneos*]" = "iPhone Developer";
				COPY_PHASE_STRIP = YES;
				GCC_C_LANGUAGE_STANDARD = gnu99;
				GCC_VERSION = com.apple.compilers.llvm.clang.1_0;
				GCC_WARN_ABOUT_RETURN_TYPE = YES;
				GCC_WARN_UNINITIALIZED_AUTOS = YES;
				GCC_WARN_UNUSED_VARIABLE = YES;
				IPHONEOS_DEPLOYMENT_TARGET = 5.0;
				OTHER_CFLAGS = "-DNS_BLOCK_ASSERTIONS=1";
				PRODUCT_NAME = iJumbo;
				SDKROOT = iphoneos;
				VALIDATE_PRODUCT = YES;
			};
			name = Release;
		};
		8E1E7A3D153C835800B126B8 /* Debug */ = {
			isa = XCBuildConfiguration;
			buildSettings = {
				FRAMEWORK_SEARCH_PATHS = (
					"$(inherited)",
					"\"$(SRCROOT)\"",
				);
				GCC_PRECOMPILE_PREFIX_HEADER = YES;
				GCC_PREFIX_HEADER = "Tufts/Tufts-Prefix.pch";
				HEADER_SEARCH_PATHS = "";
				INFOPLIST_FILE = "Tufts/Tufts-Info.plist";
				IPHONEOS_DEPLOYMENT_TARGET = 5.0;
				LIBRARY_SEARCH_PATHS = (
					"$(inherited)",
					"\"$(SRCROOT)/Tufts/TestFlightSDK1\"",
					"\"$(SRCROOT)/TestFlightSDK1\"",
				);
				OTHER_LDFLAGS = "";
				PRODUCT_NAME = iJumbo;
				TARGETED_DEVICE_FAMILY = 1;
				WRAPPER_EXTENSION = app;
			};
			name = Debug;
		};
		8E1E7A3E153C835800B126B8 /* Release */ = {
			isa = XCBuildConfiguration;
			buildSettings = {
				COPY_PHASE_STRIP = NO;
				FRAMEWORK_SEARCH_PATHS = (
					"$(inherited)",
					"\"$(SRCROOT)\"",
				);
				GCC_PRECOMPILE_PREFIX_HEADER = YES;
				GCC_PREFIX_HEADER = "Tufts/Tufts-Prefix.pch";
				HEADER_SEARCH_PATHS = "";
				INFOPLIST_FILE = "Tufts/Tufts-Info.plist";
				IPHONEOS_DEPLOYMENT_TARGET = 5.0;
				LIBRARY_SEARCH_PATHS = (
					"$(inherited)",
					"\"$(SRCROOT)/Tufts/TestFlightSDK1\"",
					"\"$(SRCROOT)/TestFlightSDK1\"",
				);
				OTHER_LDFLAGS = "";
				PRODUCT_NAME = iJumbo;
				TARGETED_DEVICE_FAMILY = 1;
				WRAPPER_EXTENSION = app;
			};
			name = Release;
		};
		8E1E7A40153C835800B126B8 /* Debug */ = {
			isa = XCBuildConfiguration;
			buildSettings = {
				BUNDLE_LOADER = "$(BUILT_PRODUCTS_DIR)/Tufts.app/Tufts";
				FRAMEWORK_SEARCH_PATHS = (
					"$(SDKROOT)/Developer/Library/Frameworks",
					"$(DEVELOPER_LIBRARY_DIR)/Frameworks",
				);
				GCC_PRECOMPILE_PREFIX_HEADER = YES;
				GCC_PREFIX_HEADER = "Tufts/Tufts-Prefix.pch";
				INFOPLIST_FILE = "TuftsTests/TuftsTests-Info.plist";
				PRODUCT_NAME = "$(TARGET_NAME)";
				TEST_HOST = "$(BUNDLE_LOADER)";
				WRAPPER_EXTENSION = octest;
			};
			name = Debug;
		};
		8E1E7A41153C835800B126B8 /* Release */ = {
			isa = XCBuildConfiguration;
			buildSettings = {
				BUNDLE_LOADER = "$(BUILT_PRODUCTS_DIR)/Tufts.app/Tufts";
				FRAMEWORK_SEARCH_PATHS = (
					"$(SDKROOT)/Developer/Library/Frameworks",
					"$(DEVELOPER_LIBRARY_DIR)/Frameworks",
				);
				GCC_PRECOMPILE_PREFIX_HEADER = YES;
				GCC_PREFIX_HEADER = "Tufts/Tufts-Prefix.pch";
				INFOPLIST_FILE = "TuftsTests/TuftsTests-Info.plist";
				PRODUCT_NAME = "$(TARGET_NAME)";
				TEST_HOST = "$(BUNDLE_LOADER)";
				WRAPPER_EXTENSION = octest;
			};
			name = Release;
		};
		8EE401C015D22166004AD1F7 /* Distribution */ = {
			isa = XCBuildConfiguration;
			buildSettings = {
				ALWAYS_SEARCH_USER_PATHS = NO;
				ARCHS = "$(ARCHS_STANDARD_32_BIT)";
				CLANG_ENABLE_OBJC_ARC = YES;
				"CODE_SIGN_IDENTITY[sdk=iphoneos*]" = "iPhone Distribution: Amadou Crookes";
				COPY_PHASE_STRIP = YES;
				GCC_C_LANGUAGE_STANDARD = gnu99;
				GCC_VERSION = com.apple.compilers.llvm.clang.1_0;
				GCC_WARN_ABOUT_RETURN_TYPE = YES;
				GCC_WARN_UNINITIALIZED_AUTOS = YES;
				GCC_WARN_UNUSED_VARIABLE = YES;
				IPHONEOS_DEPLOYMENT_TARGET = 5.0;
				OTHER_CFLAGS = "-DNS_BLOCK_ASSERTIONS=1";
				PRODUCT_NAME = iJumbo;
				"PROVISIONING_PROFILE[sdk=iphoneos*]" = "D84312D9-79BF-41C9-9A94-99CAB89FEDE9";
				SDKROOT = iphoneos;
				VALIDATE_PRODUCT = YES;
			};
			name = Distribution;
		};
		8EE401C115D22166004AD1F7 /* Distribution */ = {
			isa = XCBuildConfiguration;
			buildSettings = {
				COPY_PHASE_STRIP = NO;
				FRAMEWORK_SEARCH_PATHS = (
					"$(inherited)",
					"\"$(SRCROOT)\"",
				);
				GCC_PRECOMPILE_PREFIX_HEADER = YES;
				GCC_PREFIX_HEADER = "Tufts/Tufts-Prefix.pch";
				HEADER_SEARCH_PATHS = "";
				INFOPLIST_FILE = "Tufts/Tufts-Info.plist";
				IPHONEOS_DEPLOYMENT_TARGET = 5.0;
				LIBRARY_SEARCH_PATHS = (
					"$(inherited)",
					"\"$(SRCROOT)/Tufts/TestFlightSDK1\"",
					"\"$(SRCROOT)/TestFlightSDK1\"",
				);
				OTHER_LDFLAGS = "";
				PRODUCT_NAME = iJumbo;
				TARGETED_DEVICE_FAMILY = 1;
				WRAPPER_EXTENSION = app;
			};
			name = Distribution;
		};
		8EE401C215D22166004AD1F7 /* Distribution */ = {
			isa = XCBuildConfiguration;
			buildSettings = {
				BUNDLE_LOADER = "$(BUILT_PRODUCTS_DIR)/Tufts.app/Tufts";
				FRAMEWORK_SEARCH_PATHS = (
					"$(SDKROOT)/Developer/Library/Frameworks",
					"$(DEVELOPER_LIBRARY_DIR)/Frameworks",
				);
				GCC_PRECOMPILE_PREFIX_HEADER = YES;
				GCC_PREFIX_HEADER = "Tufts/Tufts-Prefix.pch";
				INFOPLIST_FILE = "TuftsTests/TuftsTests-Info.plist";
				PRODUCT_NAME = "$(TARGET_NAME)";
				TEST_HOST = "$(BUNDLE_LOADER)";
				WRAPPER_EXTENSION = octest;
			};
			name = Distribution;
		};
/* End XCBuildConfiguration section */

/* Begin XCConfigurationList section */
		8E1E7A03153C835800B126B8 /* Build configuration list for PBXProject "Tufts" */ = {
			isa = XCConfigurationList;
			buildConfigurations = (
				8E1E7A3A153C835800B126B8 /* Debug */,
				8E1E7A3B153C835800B126B8 /* Release */,
				8EE401C015D22166004AD1F7 /* Distribution */,
			);
			defaultConfigurationIsVisible = 0;
			defaultConfigurationName = Distribution;
		};
		8E1E7A3C153C835800B126B8 /* Build configuration list for PBXNativeTarget "Tufts" */ = {
			isa = XCConfigurationList;
			buildConfigurations = (
				8E1E7A3D153C835800B126B8 /* Debug */,
				8E1E7A3E153C835800B126B8 /* Release */,
				8EE401C115D22166004AD1F7 /* Distribution */,
			);
			defaultConfigurationIsVisible = 0;
			defaultConfigurationName = Distribution;
		};
		8E1E7A3F153C835800B126B8 /* Build configuration list for PBXNativeTarget "TuftsTests" */ = {
			isa = XCConfigurationList;
			buildConfigurations = (
				8E1E7A40153C835800B126B8 /* Debug */,
				8E1E7A41153C835800B126B8 /* Release */,
				8EE401C215D22166004AD1F7 /* Distribution */,
			);
			defaultConfigurationIsVisible = 0;
			defaultConfigurationName = Distribution;
		};
/* End XCConfigurationList section */
	};
	rootObject = 8E1E7A00153C835800B126B8 /* Project object */;
}
